// !$*UTF8*$!
{
	archiveVersion = 1;
	classes = {
	};
	objectVersion = 50;
	objects = {

/* Begin PBXBuildFile section */
		421135655B2FAAC90355BB82 /* Pods_prayer.framework in Frameworks */ = {isa = PBXBuildFile; fileRef = E85C6E1CAEBB02AB5A08EAB9 /* Pods_prayer.framework */; };
		A90445792173A6CA005C805C /* AppDelegate.swift in Sources */ = {isa = PBXBuildFile; fileRef = A90445782173A6CA005C805C /* AppDelegate.swift */; };
		A90445802173A6CC005C805C /* Assets.xcassets in Resources */ = {isa = PBXBuildFile; fileRef = A904457F2173A6CC005C805C /* Assets.xcassets */; };
		A90445832173A6CC005C805C /* LaunchScreen.storyboard in Resources */ = {isa = PBXBuildFile; fileRef = A90445812173A6CC005C805C /* LaunchScreen.storyboard */; };
		A9AB54CF21791DE500D09E4A /* SWRevealViewController.m in Sources */ = {isa = PBXBuildFile; fileRef = A9AB54CD21791DE500D09E4A /* SWRevealViewController.m */; };
		A9AB54D121791F3300D09E4A /* Main.storyboard in Resources */ = {isa = PBXBuildFile; fileRef = A9AB54D021791F3300D09E4A /* Main.storyboard */; };
		A9AB54D52179225300D09E4A /* myViewController.swift in Sources */ = {isa = PBXBuildFile; fileRef = A9AB54D42179225300D09E4A /* myViewController.swift */; };
/* End PBXBuildFile section */

/* Begin PBXFileReference section */
		184CA5C579FF9C0360CC96EE /* Pods-prayer.release.xcconfig */ = {isa = PBXFileReference; includeInIndex = 1; lastKnownFileType = text.xcconfig; name = "Pods-prayer.release.xcconfig"; path = "Pods/Target Support Files/Pods-prayer/Pods-prayer.release.xcconfig"; sourceTree = "<group>"; };
		372C330AF81E7B67D596968B /* Pods-prayer.debug.xcconfig */ = {isa = PBXFileReference; includeInIndex = 1; lastKnownFileType = text.xcconfig; name = "Pods-prayer.debug.xcconfig"; path = "Pods/Target Support Files/Pods-prayer/Pods-prayer.debug.xcconfig"; sourceTree = "<group>"; };
		A90445752173A6CA005C805C /* prayer.app */ = {isa = PBXFileReference; explicitFileType = wrapper.application; includeInIndex = 0; path = prayer.app; sourceTree = BUILT_PRODUCTS_DIR; };
		A90445782173A6CA005C805C /* AppDelegate.swift */ = {isa = PBXFileReference; lastKnownFileType = sourcecode.swift; path = AppDelegate.swift; sourceTree = "<group>"; };
		A904457F2173A6CC005C805C /* Assets.xcassets */ = {isa = PBXFileReference; lastKnownFileType = folder.assetcatalog; path = Assets.xcassets; sourceTree = "<group>"; };
		A90445822173A6CC005C805C /* Base */ = {isa = PBXFileReference; lastKnownFileType = file.storyboard; name = Base; path = Base.lproj/LaunchScreen.storyboard; sourceTree = "<group>"; };
		A90445842173A6CC005C805C /* Info.plist */ = {isa = PBXFileReference; lastKnownFileType = text.plist.xml; path = Info.plist; sourceTree = "<group>"; };
		A9AB54CC21791DE400D09E4A /* prayer-Bridging-Header.h */ = {isa = PBXFileReference; lastKnownFileType = sourcecode.c.h; path = "prayer-Bridging-Header.h"; sourceTree = "<group>"; };
		A9AB54CD21791DE500D09E4A /* SWRevealViewController.m */ = {isa = PBXFileReference; fileEncoding = 4; lastKnownFileType = sourcecode.c.objc; path = SWRevealViewController.m; sourceTree = "<group>"; };
		A9AB54CE21791DE500D09E4A /* SWRevealViewController.h */ = {isa = PBXFileReference; fileEncoding = 4; lastKnownFileType = sourcecode.c.h; path = SWRevealViewController.h; sourceTree = "<group>"; };
		A9AB54D021791F3300D09E4A /* Main.storyboard */ = {isa = PBXFileReference; fileEncoding = 4; lastKnownFileType = file.storyboard; path = Main.storyboard; sourceTree = "<group>"; };
		A9AB54D42179225300D09E4A /* myViewController.swift */ = {isa = PBXFileReference; lastKnownFileType = sourcecode.swift; path = myViewController.swift; sourceTree = "<group>"; };
		E85C6E1CAEBB02AB5A08EAB9 /* Pods_prayer.framework */ = {isa = PBXFileReference; explicitFileType = wrapper.framework; includeInIndex = 0; path = Pods_prayer.framework; sourceTree = BUILT_PRODUCTS_DIR; };
/* End PBXFileReference section */

/* Begin PBXFrameworksBuildPhase section */
		A90445722173A6CA005C805C /* Frameworks */ = {
			isa = PBXFrameworksBuildPhase;
			buildActionMask = 2147483647;
			files = (
				421135655B2FAAC90355BB82 /* Pods_prayer.framework in Frameworks */,
			);
			runOnlyForDeploymentPostprocessing = 0;
		};
/* End PBXFrameworksBuildPhase section */

/* Begin PBXGroup section */
		522F796F11E60940DC663B00 /* Frameworks */ = {
			isa = PBXGroup;
			children = (
				E85C6E1CAEBB02AB5A08EAB9 /* Pods_prayer.framework */,
			);
			name = Frameworks;
			sourceTree = "<group>";
		};
		A904456C2173A6CA005C805C = {
			isa = PBXGroup;
			children = (
				A90445772173A6CA005C805C /* prayer */,
				A90445762173A6CA005C805C /* Products */,
				B7B32BE5BBA0DB068F521370 /* Pods */,
				522F796F11E60940DC663B00 /* Frameworks */,
			);
			sourceTree = "<group>";
		};
		A90445762173A6CA005C805C /* Products */ = {
			isa = PBXGroup;
			children = (
				A90445752173A6CA005C805C /* prayer.app */,
			);
			name = Products;
			sourceTree = "<group>";
		};
		A90445772173A6CA005C805C /* prayer */ = {
			isa = PBXGroup;
			children = (
				A90445782173A6CA005C805C /* AppDelegate.swift */,
				A9AB54D021791F3300D09E4A /* Main.storyboard */,
				A9AB54D42179225300D09E4A /* myViewController.swift */,
				A904457F2173A6CC005C805C /* Assets.xcassets */,
				A90445812173A6CC005C805C /* LaunchScreen.storyboard */,
				A90445842173A6CC005C805C /* Info.plist */,
				A9AB54CE21791DE500D09E4A /* SWRevealViewController.h */,
				A9AB54CD21791DE500D09E4A /* SWRevealViewController.m */,
				A9AB54CC21791DE400D09E4A /* prayer-Bridging-Header.h */,
			);
			path = prayer;
			sourceTree = "<group>";
		};
		B7B32BE5BBA0DB068F521370 /* Pods */ = {
			isa = PBXGroup;
			children = (
				372C330AF81E7B67D596968B /* Pods-prayer.debug.xcconfig */,
				184CA5C579FF9C0360CC96EE /* Pods-prayer.release.xcconfig */,
			);
			name = Pods;
			sourceTree = "<group>";
		};
/* End PBXGroup section */

/* Begin PBXNativeTarget section */
		A90445742173A6CA005C805C /* prayer */ = {
			isa = PBXNativeTarget;
			buildConfigurationList = A90445872173A6CC005C805C /* Build configuration list for PBXNativeTarget "prayer" */;
			buildPhases = (
				787DE7EA4006014460802DD7 /* [CP] Check Pods Manifest.lock */,
				A90445712173A6CA005C805C /* Sources */,
				A90445722173A6CA005C805C /* Frameworks */,
				A90445732173A6CA005C805C /* Resources */,
				A8AECFFA629A8A4CD66F3779 /* [CP] Embed Pods Frameworks */,
			);
			buildRules = (
			);
			dependencies = (
			);
			name = prayer;
			productName = prayer;
			productReference = A90445752173A6CA005C805C /* prayer.app */;
			productType = "com.apple.product-type.application";
		};
/* End PBXNativeTarget section */

/* Begin PBXProject section */
		A904456D2173A6CA005C805C /* Project object */ = {
			isa = PBXProject;
			attributes = {
				LastSwiftUpdateCheck = 1000;
				LastUpgradeCheck = 1000;
				ORGANIZATIONNAME = "Eslam Moemen";
				TargetAttributes = {
					A90445742173A6CA005C805C = {
						CreatedOnToolsVersion = 10.0;
						LastSwiftMigration = 1000;
					};
				};
			};
			buildConfigurationList = A90445702173A6CA005C805C /* Build configuration list for PBXProject "prayer" */;
			compatibilityVersion = "Xcode 9.3";
			developmentRegion = en;
			hasScannedForEncodings = 0;
			knownRegions = (
				en,
				Base,
			);
			mainGroup = A904456C2173A6CA005C805C;
			productRefGroup = A90445762173A6CA005C805C /* Products */;
			projectDirPath = "";
			projectRoot = "";
			targets = (
				A90445742173A6CA005C805C /* prayer */,
			);
		};
/* End PBXProject section */

/* Begin PBXResourcesBuildPhase section */
		A90445732173A6CA005C805C /* Resources */ = {
			isa = PBXResourcesBuildPhase;
			buildActionMask = 2147483647;
			files = (
				A9AB54D121791F3300D09E4A /* Main.storyboard in Resources */,
				A90445832173A6CC005C805C /* LaunchScreen.storyboard in Resources */,
				A90445802173A6CC005C805C /* Assets.xcassets in Resources */,
			);
			runOnlyForDeploymentPostprocessing = 0;
		};
/* End PBXResourcesBuildPhase section */

/* Begin PBXShellScriptBuildPhase section */
		787DE7EA4006014460802DD7 /* [CP] Check Pods Manifest.lock */ = {
			isa = PBXShellScriptBuildPhase;
			buildActionMask = 2147483647;
			files = (
			);
			inputPaths = (
				"${PODS_PODFILE_DIR_PATH}/Podfile.lock",
				"${PODS_ROOT}/Manifest.lock",
			);
			name = "[CP] Check Pods Manifest.lock";
			outputPaths = (
				"$(DERIVED_FILE_DIR)/Pods-prayer-checkManifestLockResult.txt",
			);
			runOnlyForDeploymentPostprocessing = 0;
			shellPath = /bin/sh;
			shellScript = "diff \"${PODS_PODFILE_DIR_PATH}/Podfile.lock\" \"${PODS_ROOT}/Manifest.lock\" > /dev/null\nif [ $? != 0 ] ; then\n    # print error to STDERR\n    echo \"error: The sandbox is not in sync with the Podfile.lock. Run 'pod install' or update your CocoaPods installation.\" >&2\n    exit 1\nfi\n# This output is used by Xcode 'outputs' to avoid re-running this script phase.\necho \"SUCCESS\" > \"${SCRIPT_OUTPUT_FILE_0}\"\n";
			showEnvVarsInLog = 0;
		};
		A8AECFFA629A8A4CD66F3779 /* [CP] Embed Pods Frameworks */ = {
			isa = PBXShellScriptBuildPhase;
			buildActionMask = 2147483647;
			files = (
			);
			inputPaths = (
				"${SRCROOT}/Pods/Target Support Files/Pods-prayer/Pods-prayer-frameworks.sh",
				"${BUILT_PRODUCTS_DIR}/Alamofire/Alamofire.framework",
				"${BUILT_PRODUCTS_DIR}/SwiftyJSON/SwiftyJSON.framework",
			);
			name = "[CP] Embed Pods Frameworks";
			outputPaths = (
				"${TARGET_BUILD_DIR}/${FRAMEWORKS_FOLDER_PATH}/Alamofire.framework",
				"${TARGET_BUILD_DIR}/${FRAMEWORKS_FOLDER_PATH}/SwiftyJSON.framework",
			);
			runOnlyForDeploymentPostprocessing = 0;
			shellPath = /bin/sh;
			shellScript = "\"${SRCROOT}/Pods/Target Support Files/Pods-prayer/Pods-prayer-frameworks.sh\"\n";
			showEnvVarsInLog = 0;
		};
/* End PBXShellScriptBuildPhase section */

/* Begin PBXSourcesBuildPhase section */
		A90445712173A6CA005C805C /* Sources */ = {
			isa = PBXSourcesBuildPhase;
			buildActionMask = 2147483647;
			files = (
				A9AB54D52179225300D09E4A /* myViewController.swift in Sources */,
				A90445792173A6CA005C805C /* AppDelegate.swift in Sources */,
				A9AB54CF21791DE500D09E4A /* SWRevealViewController.m in Sources */,
			);
			runOnlyForDeploymentPostprocessing = 0;
		};
/* End PBXSourcesBuildPhase section */

/* Begin PBXVariantGroup section */
		A90445812173A6CC005C805C /* LaunchScreen.storyboard */ = {
			isa = PBXVariantGroup;
			children = (
				A90445822173A6CC005C805C /* Base */,
			);
			name = LaunchScreen.storyboard;
			sourceTree = "<group>";
		};
/* End PBXVariantGroup section */

/* Begin XCBuildConfiguration section */
		A90445852173A6CC005C805C /* Debug */ = {
			isa = XCBuildConfiguration;
			buildSettings = {
				ALWAYS_SEARCH_USER_PATHS = NO;
				CLANG_ANALYZER_NONNULL = YES;
				CLANG_ANALYZER_NUMBER_OBJECT_CONVERSION = YES_AGGRESSIVE;
				CLANG_CXX_LANGUAGE_STANDARD = "gnu++14";
				CLANG_CXX_LIBRARY = "libc++";
				CLANG_ENABLE_MODULES = YES;
				CLANG_ENABLE_OBJC_ARC = YES;
				CLANG_ENABLE_OBJC_WEAK = YES;
				CLANG_WARN_BLOCK_CAPTURE_AUTORELEASING = YES;
				CLANG_WARN_BOOL_CONVERSION = YES;
				CLANG_WARN_COMMA = YES;
				CLANG_WARN_CONSTANT_CONVERSION = YES;
				CLANG_WARN_DEPRECATED_OBJC_IMPLEMENTATIONS = YES;
				CLANG_WARN_DIRECT_OBJC_ISA_USAGE = YES_ERROR;
				CLANG_WARN_DOCUMENTATION_COMMENTS = YES;
				CLANG_WARN_EMPTY_BODY = YES;
				CLANG_WARN_ENUM_CONVERSION = YES;
				CLANG_WARN_INFINITE_RECURSION = YES;
				CLANG_WARN_INT_CONVERSION = YES;
				CLANG_WARN_NON_LITERAL_NULL_CONVERSION = YES;
				CLANG_WARN_OBJC_IMPLICIT_RETAIN_SELF = YES;
				CLANG_WARN_OBJC_LITERAL_CONVERSION = YES;
				CLANG_WARN_OBJC_ROOT_CLASS = YES_ERROR;
				CLANG_WARN_RANGE_LOOP_ANALYSIS = YES;
				CLANG_WARN_STRICT_PROTOTYPES = YES;
				CLANG_WARN_SUSPICIOUS_MOVE = YES;
				CLANG_WARN_UNGUARDED_AVAILABILITY = YES_AGGRESSIVE;
				CLANG_WARN_UNREACHABLE_CODE = YES;
				CLANG_WARN__DUPLICATE_METHOD_MATCH = YES;
				CODE_SIGN_IDENTITY = "iPhone Developer";
				COPY_PHASE_STRIP = NO;
				DEBUG_INFORMATION_FORMAT = dwarf;
				ENABLE_STRICT_OBJC_MSGSEND = YES;
				ENABLE_TESTABILITY = YES;
				GCC_C_LANGUAGE_STANDARD = gnu11;
				GCC_DYNAMIC_NO_PIC = NO;
				GCC_NO_COMMON_BLOCKS = YES;
				GCC_OPTIMIZATION_LEVEL = 0;
				GCC_PREPROCESSOR_DEFINITIONS = (
					"DEBUG=1",
					"$(inherited)",
				);
				GCC_WARN_64_TO_32_BIT_CONVERSION = YES;
				GCC_WARN_ABOUT_RETURN_TYPE = YES_ERROR;
				GCC_WARN_UNDECLARED_SELECTOR = YES;
				GCC_WARN_UNINITIALIZED_AUTOS = YES_AGGRESSIVE;
				GCC_WARN_UNUSED_FUNCTION = YES;
				GCC_WARN_UNUSED_VARIABLE = YES;
				IPHONEOS_DEPLOYMENT_TARGET = 12.0;
				MTL_ENABLE_DEBUG_INFO = INCLUDE_SOURCE;
				MTL_FAST_MATH = YES;
				ONLY_ACTIVE_ARCH = YES;
				SDKROOT = iphoneos;
				SWIFT_ACTIVE_COMPILATION_CONDITIONS = DEBUG;
				SWIFT_OPTIMIZATION_LEVEL = "-Onone";
			};
			name = Debug;
		};
		A90445862173A6CC005C805C /* Release */ = {
			isa = XCBuildConfiguration;
			buildSettings = {
				ALWAYS_SEARCH_USER_PATHS = NO;
				CLANG_ANALYZER_NONNULL = YES;
				CLANG_ANALYZER_NUMBER_OBJECT_CONVERSION = YES_AGGRESSIVE;
				CLANG_CXX_LANGUAGE_STANDARD = "gnu++14";
				CLANG_CXX_LIBRARY = "libc++";
				CLANG_ENABLE_MODULES = YES;
				CLANG_ENABLE_OBJC_ARC = YES;
				CLANG_ENABLE_OBJC_WEAK = YES;
				CLANG_WARN_BLOCK_CAPTURE_AUTORELEASING = YES;
				CLANG_WARN_BOOL_CONVERSION = YES;
				CLANG_WARN_COMMA = YES;
				CLANG_WARN_CONSTANT_CONVERSION = YES;
				CLANG_WARN_DEPRECATED_OBJC_IMPLEMENTATIONS = YES;
				CLANG_WARN_DIRECT_OBJC_ISA_USAGE = YES_ERROR;
				CLANG_WARN_DOCUMENTATION_COMMENTS = YES;
				CLANG_WARN_EMPTY_BODY = YES;
				CLANG_WARN_ENUM_CONVERSION = YES;
				CLANG_WARN_INFINITE_RECURSION = YES;
				CLANG_WARN_INT_CONVERSION = YES;
				CLANG_WARN_NON_LITERAL_NULL_CONVERSION = YES;
				CLANG_WARN_OBJC_IMPLICIT_RETAIN_SELF = YES;
				CLANG_WARN_OBJC_LITERAL_CONVERSION = YES;
				CLANG_WARN_OBJC_ROOT_CLASS = YES_ERROR;
				CLANG_WARN_RANGE_LOOP_ANALYSIS = YES;
				CLANG_WARN_STRICT_PROTOTYPES = YES;
				CLANG_WARN_SUSPICIOUS_MOVE = YES;
				CLANG_WARN_UNGUARDED_AVAILABILITY = YES_AGGRESSIVE;
				CLANG_WARN_UNREACHABLE_CODE = YES;
				CLANG_WARN__DUPLICATE_METHOD_MATCH = YES;
				CODE_SIGN_IDENTITY = "iPhone Developer";
				COPY_PHASE_STRIP = NO;
				DEBUG_INFORMATION_FORMAT = "dwarf-with-dsym";
				ENABLE_NS_ASSERTIONS = NO;
				ENABLE_STRICT_OBJC_MSGSEND = YES;
				GCC_C_LANGUAGE_STANDARD = gnu11;
				GCC_NO_COMMON_BLOCKS = YES;
				GCC_WARN_64_TO_32_BIT_CONVERSION = YES;
				GCC_WARN_ABOUT_RETURN_TYPE = YES_ERROR;
				GCC_WARN_UNDECLARED_SELECTOR = YES;
				GCC_WARN_UNINITIALIZED_AUTOS = YES_AGGRESSIVE;
				GCC_WARN_UNUSED_FUNCTION = YES;
				GCC_WARN_UNUSED_VARIABLE = YES;
				IPHONEOS_DEPLOYMENT_TARGET = 12.0;
				MTL_ENABLE_DEBUG_INFO = NO;
				MTL_FAST_MATH = YES;
				SDKROOT = iphoneos;
				SWIFT_COMPILATION_MODE = wholemodule;
				SWIFT_OPTIMIZATION_LEVEL = "-O";
				VALIDATE_PRODUCT = YES;
			};
			name = Release;
		};
		A90445882173A6CC005C805C /* Debug */ = {
			isa = XCBuildConfiguration;
			baseConfigurationReference = 372C330AF81E7B67D596968B /* Pods-prayer.debug.xcconfig */;
			buildSettings = {
				ASSETCATALOG_COMPILER_APPICON_NAME = AppIcon;
				CLANG_ENABLE_MODULES = YES;
				CODE_SIGN_STYLE = Automatic;
				DEVELOPMENT_TEAM = 8L5JSN4ZR3;
				INFOPLIST_FILE = prayer/Info.plist;
				LD_RUNPATH_SEARCH_PATHS = (
					"$(inherited)",
					"@executable_path/Frameworks",
				);
				PRODUCT_BUNDLE_IDENTIFIER = com.myExpermentalApps.prayer;
				PRODUCT_NAME = "$(TARGET_NAME)";
				SWIFT_OBJC_BRIDGING_HEADER = "prayer/prayer-Bridging-Header.h";
				SWIFT_OPTIMIZATION_LEVEL = "-Onone";
				SWIFT_VERSION = 4.2;
				TARGETED_DEVICE_FAMILY = "1,2";
			};
			name = Debug;
		};
		A90445892173A6CC005C805C /* Release */ = {
			isa = XCBuildConfiguration;
			baseConfigurationReference = 184CA5C579FF9C0360CC96EE /* Pods-prayer.release.xcconfig */;
			buildSettings = {
				ASSETCATALOG_COMPILER_APPICON_NAME = AppIcon;
				CLANG_ENABLE_MODULES = YES;
				CODE_SIGN_STYLE = Automatic;
				DEVELOPMENT_TEAM = 8L5JSN4ZR3;
				INFOPLIST_FILE = prayer/Info.plist;
				LD_RUNPATH_SEARCH_PATHS = (
					"$(inherited)",
					"@executable_path/Frameworks",
				);
				PRODUCT_BUNDLE_IDENTIFIER = com.myExpermentalApps.prayer;
				PRODUCT_NAME = "$(TARGET_NAME)";
				SWIFT_OBJC_BRIDGING_HEADER = "prayer/prayer-Bridging-Header.h";
				SWIFT_VERSION = 4.2;
				TARGETED_DEVICE_FAMILY = "1,2";
			};
			name = Release;
		};
/* End XCBuildConfiguration section */

/* Begin XCConfigurationList section */
		A90445702173A6CA005C805C /* Build configuration list for PBXProject "prayer" */ = {
			isa = XCConfigurationList;
			buildConfigurations = (
				A90445852173A6CC005C805C /* Debug */,
				A90445862173A6CC005C805C /* Release */,
			);
			defaultConfigurationIsVisible = 0;
			defaultConfigurationName = Release;
		};
		A90445872173A6CC005C805C /* Build configuration list for PBXNativeTarget "prayer" */ = {
			isa = XCConfigurationList;
			buildConfigurations = (
				A90445882173A6CC005C805C /* Debug */,
				A90445892173A6CC005C805C /* Release */,
			);
			defaultConfigurationIsVisible = 0;
			defaultConfigurationName = Release;
		};
/* End XCConfigurationList section */
	};
	rootObject = A904456D2173A6CA005C805C /* Project object */;
}
